
Microsoft Visual Studio Solution File, Format Version 12.00
# Visual Studio Version 17
VisualStudioVersion = 17.14.36221.1 d17.14
MinimumVisualStudioVersion = 10.0.40219.1
Project("{FAE04EC0-301F-11D3-BF4B-00C04F79EFBC}") = "ControleDeContatos", "ControleDeContatos\ControleDeContatos.csproj", "{72244E6D-D5C6-4C45-813B-518F4C7F1E13}"
EndProject
Global
	GlobalSection(SolutionConfigurationPlatforms) = preSolution
		Debug|Any CPU = Debug|Any CPU
		Release|Any CPU = Release|Any CPU
	EndGlobalSection
	GlobalSection(ProjectConfigurationPlatforms) = postSolution
		{72244E6D-D5C6-4C45-813B-518F4C7F1E13}.Debug|Any CPU.ActiveCfg = Debug|Any CPU
		{72244E6D-D5C6-4C45-813B-518F4C7F1E13}.Debug|Any CPU.Build.0 = Debug|Any CPU
		{72244E6D-D5C6-4C45-813B-518F4C7F1E13}.Release|Any CPU.ActiveCfg = Release|Any CPU
		{72244E6D-D5C6-4C45-813B-518F4C7F1E13}.Release|Any CPU.Build.0 = Release|Any CPU
	EndGlobalSection
	GlobalSection(SolutionProperties) = preSolution
		HideSolutionNode = FALSE
	EndGlobalSection
	GlobalSection(ExtensibilityGlobals) = postSolution
		SolutionGuid = {CAD71258-8171-406E-AF09-93F10CDF7DFF}
	EndGlobalSection
EndGlobal
